
Microsoft Visual Studio Solution File, Format Version 12.00
# Visual Studio Version 16
VisualStudioVersion = 16.0.31702.278
MinimumVisualStudioVersion = 10.0.40219.1
Project("{FAE04EC0-301F-11D3-BF4B-00C04F79EFBC}") = "AspMvcTrackingDemo", "AspMvcTrackingDemo\AspMvcTrackingDemo.csproj", "{A2F123FE-FDAF-46A2-9B25-B989C046E786}"
EndProject
Project("{FAE04EC0-301F-11D3-BF4B-00C04F79EFBC}") = "AspMvcTrackingLib", "AspMvcTrackingLib\AspMvcTrackingLib.csproj", "{A9A08C2D-427C-430D-B9FA-2C3DB489BC6D}"
EndProject
Global
	GlobalSection(SolutionConfigurationPlatforms) = preSolution
		Debug|Any CPU = Debug|Any CPU
		Release|Any CPU = Release|Any CPU
	EndGlobalSection
	GlobalSection(ProjectConfigurationPlatforms) = postSolution
		{A2F123FE-FDAF-46A2-9B25-B989C046E786}.Debug|Any CPU.ActiveCfg = Debug|Any CPU
		{A2F123FE-FDAF-46A2-9B25-B989C046E786}.Debug|Any CPU.Build.0 = Debug|Any CPU
		{A2F123FE-FDAF-46A2-9B25-B989C046E786}.Release|Any CPU.ActiveCfg = Release|Any CPU
		{A2F123FE-FDAF-46A2-9B25-B989C046E786}.Release|Any CPU.Build.0 = Release|Any CPU
		{A9A08C2D-427C-430D-B9FA-2C3DB489BC6D}.Debug|Any CPU.ActiveCfg = Debug|Any CPU
		{A9A08C2D-427C-430D-B9FA-2C3DB489BC6D}.Debug|Any CPU.Build.0 = Debug|Any CPU
		{A9A08C2D-427C-430D-B9FA-2C3DB489BC6D}.Release|Any CPU.ActiveCfg = Release|Any CPU
		{A9A08C2D-427C-430D-B9FA-2C3DB489BC6D}.Release|Any CPU.Build.0 = Release|Any CPU
	EndGlobalSection
	GlobalSection(SolutionProperties) = preSolution
		HideSolutionNode = FALSE
	EndGlobalSection
	GlobalSection(ExtensibilityGlobals) = postSolution
		SolutionGuid = {52723086-E7BE-45E3-A1C7-69AA0B610E7C}
	EndGlobalSection
EndGlobal
